// !$*UTF8*$!
{
	archiveVersion = 1;
	classes = {
	};
	objectVersion = 56;
	objects = {

/* Begin PBXBuildFile section */
		280170332BA9D88F00F80BC7 /* HapticEffects.swift in Sources */ = {isa = PBXBuildFile; fileRef = 280170322BA9D88F00F80BC7 /* HapticEffects.swift */; };
		2801704F2BA9F0AC00F80BC7 /* CodableObservable.swift in Sources */ = {isa = PBXBuildFile; fileRef = 2801704E2BA9F0AC00F80BC7 /* CodableObservable.swift */; };
		284DE6AB2BA88A32007961CD /* code_exmplesApp.swift in Sources */ = {isa = PBXBuildFile; fileRef = 284DE6AA2BA88A32007961CD /* code_exmplesApp.swift */; };
		284DE6AD2BA88A32007961CD /* ContentView.swift in Sources */ = {isa = PBXBuildFile; fileRef = 284DE6AC2BA88A32007961CD /* ContentView.swift */; };
		284DE6AF2BA88A33007961CD /* Assets.xcassets in Resources */ = {isa = PBXBuildFile; fileRef = 284DE6AE2BA88A33007961CD /* Assets.xcassets */; };
		284DE6B22BA88A33007961CD /* Preview Assets.xcassets in Resources */ = {isa = PBXBuildFile; fileRef = 284DE6B12BA88A33007961CD /* Preview Assets.xcassets */; };
		284DE6B92BA88AC0007961CD /* CodableData.swift in Sources */ = {isa = PBXBuildFile; fileRef = 284DE6B82BA88AC0007961CD /* CodableData.swift */; };
		284DE6BB2BA8A318007961CD /* LoadImageURL.swift in Sources */ = {isa = PBXBuildFile; fileRef = 284DE6BA2BA8A318007961CD /* LoadImageURL.swift */; };
		284DE6BD2BA8D27C007961CD /* ValidateDisableForm.swift in Sources */ = {isa = PBXBuildFile; fileRef = 284DE6BC2BA8D27C007961CD /* ValidateDisableForm.swift */; };
/* End PBXBuildFile section */

/* Begin PBXFileReference section */
		280170322BA9D88F00F80BC7 /* HapticEffects.swift */ = {isa = PBXFileReference; lastKnownFileType = sourcecode.swift; path = HapticEffects.swift; sourceTree = "<group>"; };
		2801704E2BA9F0AC00F80BC7 /* CodableObservable.swift */ = {isa = PBXFileReference; lastKnownFileType = sourcecode.swift; path = CodableObservable.swift; sourceTree = "<group>"; };
		284DE6A72BA88A32007961CD /* code-exmples.app */ = {isa = PBXFileReference; explicitFileType = wrapper.application; includeInIndex = 0; path = "code-exmples.app"; sourceTree = BUILT_PRODUCTS_DIR; };
		284DE6AA2BA88A32007961CD /* code_exmplesApp.swift */ = {isa = PBXFileReference; lastKnownFileType = sourcecode.swift; path = code_exmplesApp.swift; sourceTree = "<group>"; };
		284DE6AC2BA88A32007961CD /* ContentView.swift */ = {isa = PBXFileReference; lastKnownFileType = sourcecode.swift; path = ContentView.swift; sourceTree = "<group>"; };
		284DE6AE2BA88A33007961CD /* Assets.xcassets */ = {isa = PBXFileReference; lastKnownFileType = folder.assetcatalog; path = Assets.xcassets; sourceTree = "<group>"; };
		284DE6B12BA88A33007961CD /* Preview Assets.xcassets */ = {isa = PBXFileReference; lastKnownFileType = folder.assetcatalog; path = "Preview Assets.xcassets"; sourceTree = "<group>"; };
		284DE6B82BA88AC0007961CD /* CodableData.swift */ = {isa = PBXFileReference; lastKnownFileType = sourcecode.swift; path = CodableData.swift; sourceTree = "<group>"; };
		284DE6BA2BA8A318007961CD /* LoadImageURL.swift */ = {isa = PBXFileReference; lastKnownFileType = sourcecode.swift; path = LoadImageURL.swift; sourceTree = "<group>"; };
		284DE6BC2BA8D27C007961CD /* ValidateDisableForm.swift */ = {isa = PBXFileReference; lastKnownFileType = sourcecode.swift; path = ValidateDisableForm.swift; sourceTree = "<group>"; };
/* End PBXFileReference section */

/* Begin PBXFrameworksBuildPhase section */
		284DE6A42BA88A32007961CD /* Frameworks */ = {
			isa = PBXFrameworksBuildPhase;
			buildActionMask = 2147483647;
			files = (
			);
			runOnlyForDeploymentPostprocessing = 0;
		};
/* End PBXFrameworksBuildPhase section */

/* Begin PBXGroup section */
		284DE69E2BA88A32007961CD = {
			isa = PBXGroup;
			children = (
				2801704E2BA9F0AC00F80BC7 /* CodableObservable.swift */,
				280170322BA9D88F00F80BC7 /* HapticEffects.swift */,
				284DE6B82BA88AC0007961CD /* CodableData.swift */,
				284DE6BA2BA8A318007961CD /* LoadImageURL.swift */,
				284DE6BC2BA8D27C007961CD /* ValidateDisableForm.swift */,
				284DE6A92BA88A32007961CD /* code-exmples */,
				284DE6A82BA88A32007961CD /* Products */,
			);
			sourceTree = "<group>";
		};
		284DE6A82BA88A32007961CD /* Products */ = {
			isa = PBXGroup;
			children = (
				284DE6A72BA88A32007961CD /* code-exmples.app */,
			);
			name = Products;
			sourceTree = "<group>";
		};
		284DE6A92BA88A32007961CD /* code-exmples */ = {
			isa = PBXGroup;
			children = (
				284DE6AA2BA88A32007961CD /* code_exmplesApp.swift */,
				284DE6AC2BA88A32007961CD /* ContentView.swift */,
				284DE6AE2BA88A33007961CD /* Assets.xcassets */,
				284DE6B02BA88A33007961CD /* Preview Content */,
			);
			path = "code-exmples";
			sourceTree = "<group>";
		};
		284DE6B02BA88A33007961CD /* Preview Content */ = {
			isa = PBXGroup;
			children = (
				284DE6B12BA88A33007961CD /* Preview Assets.xcassets */,
			);
			path = "Preview Content";
			sourceTree = "<group>";
		};
/* End PBXGroup section */

/* Begin PBXNativeTarget section */
		284DE6A62BA88A32007961CD /* code-exmples */ = {
			isa = PBXNativeTarget;
			buildConfigurationList = 284DE6B52BA88A33007961CD /* Build configuration list for PBXNativeTarget "code-exmples" */;
			buildPhases = (
				284DE6A32BA88A32007961CD /* Sources */,
				284DE6A42BA88A32007961CD /* Frameworks */,
				284DE6A52BA88A32007961CD /* Resources */,
			);
			buildRules = (
			);
			dependencies = (
			);
			name = "code-exmples";
			productName = "code-exmples";
			productReference = 284DE6A72BA88A32007961CD /* code-exmples.app */;
			productType = "com.apple.product-type.application";
		};
/* End PBXNativeTarget section */

/* Begin PBXProject section */
		284DE69F2BA88A32007961CD /* Project object */ = {
			isa = PBXProject;
			attributes = {
				BuildIndependentTargetsInParallel = 1;
				LastSwiftUpdateCheck = 1510;
				LastUpgradeCheck = 1510;
				TargetAttributes = {
					284DE6A62BA88A32007961CD = {
						CreatedOnToolsVersion = 15.1;
					};
				};
			};
			buildConfigurationList = 284DE6A22BA88A32007961CD /* Build configuration list for PBXProject "code-exmples" */;
			compatibilityVersion = "Xcode 14.0";
			developmentRegion = en;
			hasScannedForEncodings = 0;
			knownRegions = (
				en,
				Base,
			);
			mainGroup = 284DE69E2BA88A32007961CD;
			productRefGroup = 284DE6A82BA88A32007961CD /* Products */;
			projectDirPath = "";
			projectRoot = "";
			targets = (
				284DE6A62BA88A32007961CD /* code-exmples */,
			);
		};
/* End PBXProject section */

/* Begin PBXResourcesBuildPhase section */
		284DE6A52BA88A32007961CD /* Resources */ = {
			isa = PBXResourcesBuildPhase;
			buildActionMask = 2147483647;
			files = (
				284DE6B22BA88A33007961CD /* Preview Assets.xcassets in Resources */,
				284DE6AF2BA88A33007961CD /* Assets.xcassets in Resources */,
			);
			runOnlyForDeploymentPostprocessing = 0;
		};
/* End PBXResourcesBuildPhase section */

/* Begin PBXSourcesBuildPhase section */
		284DE6A32BA88A32007961CD /* Sources */ = {
			isa = PBXSourcesBuildPhase;
			buildActionMask = 2147483647;
			files = (
				284DE6B92BA88AC0007961CD /* CodableData.swift in Sources */,
				280170332BA9D88F00F80BC7 /* HapticEffects.swift in Sources */,
				284DE6AD2BA88A32007961CD /* ContentView.swift in Sources */,
				284DE6BD2BA8D27C007961CD /* ValidateDisableForm.swift in Sources */,
				2801704F2BA9F0AC00F80BC7 /* CodableObservable.swift in Sources */,
				284DE6AB2BA88A32007961CD /* code_exmplesApp.swift in Sources */,
				284DE6BB2BA8A318007961CD /* LoadImageURL.swift in Sources */,
			);
			runOnlyForDeploymentPostprocessing = 0;
		};
/* End PBXSourcesBuildPhase section */

/* Begin XCBuildConfiguration section */
		284DE6B32BA88A33007961CD /* Debug */ = {
			isa = XCBuildConfiguration;
			buildSettings = {
				ALWAYS_SEARCH_USER_PATHS = NO;
				ASSETCATALOG_COMPILER_GENERATE_SWIFT_ASSET_SYMBOL_EXTENSIONS = YES;
				CLANG_ANALYZER_NONNULL = YES;
				CLANG_ANALYZER_NUMBER_OBJECT_CONVERSION = YES_AGGRESSIVE;
				CLANG_CXX_LANGUAGE_STANDARD = "gnu++20";
				CLANG_ENABLE_MODULES = YES;
				CLANG_ENABLE_OBJC_ARC = YES;
				CLANG_ENABLE_OBJC_WEAK = YES;
				CLANG_WARN_BLOCK_CAPTURE_AUTORELEASING = YES;
				CLANG_WARN_BOOL_CONVERSION = YES;
				CLANG_WARN_COMMA = YES;
				CLANG_WARN_CONSTANT_CONVERSION = YES;
				CLANG_WARN_DEPRECATED_OBJC_IMPLEMENTATIONS = YES;
				CLANG_WARN_DIRECT_OBJC_ISA_USAGE = YES_ERROR;
				CLANG_WARN_DOCUMENTATION_COMMENTS = YES;
				CLANG_WARN_EMPTY_BODY = YES;
				CLANG_WARN_ENUM_CONVERSION = YES;
				CLANG_WARN_INFINITE_RECURSION = YES;
				CLANG_WARN_INT_CONVERSION = YES;
				CLANG_WARN_NON_LITERAL_NULL_CONVERSION = YES;
				CLANG_WARN_OBJC_IMPLICIT_RETAIN_SELF = YES;
				CLANG_WARN_OBJC_LITERAL_CONVERSION = YES;
				CLANG_WARN_OBJC_ROOT_CLASS = YES_ERROR;
				CLANG_WARN_QUOTED_INCLUDE_IN_FRAMEWORK_HEADER = YES;
				CLANG_WARN_RANGE_LOOP_ANALYSIS = YES;
				CLANG_WARN_STRICT_PROTOTYPES = YES;
				CLANG_WARN_SUSPICIOUS_MOVE = YES;
				CLANG_WARN_UNGUARDED_AVAILABILITY = YES_AGGRESSIVE;
				CLANG_WARN_UNREACHABLE_CODE = YES;
				CLANG_WARN__DUPLICATE_METHOD_MATCH = YES;
				COPY_PHASE_STRIP = NO;
				DEBUG_INFORMATION_FORMAT = dwarf;
				ENABLE_STRICT_OBJC_MSGSEND = YES;
				ENABLE_TESTABILITY = YES;
				ENABLE_USER_SCRIPT_SANDBOXING = YES;
				GCC_C_LANGUAGE_STANDARD = gnu17;
				GCC_DYNAMIC_NO_PIC = NO;
				GCC_NO_COMMON_BLOCKS = YES;
				GCC_OPTIMIZATION_LEVEL = 0;
				GCC_PREPROCESSOR_DEFINITIONS = (
					"DEBUG=1",
					"$(inherited)",
				);
				GCC_WARN_64_TO_32_BIT_CONVERSION = YES;
				GCC_WARN_ABOUT_RETURN_TYPE = YES_ERROR;
				GCC_WARN_UNDECLARED_SELECTOR = YES;
				GCC_WARN_UNINITIALIZED_AUTOS = YES_AGGRESSIVE;
				GCC_WARN_UNUSED_FUNCTION = YES;
				GCC_WARN_UNUSED_VARIABLE = YES;
				IPHONEOS_DEPLOYMENT_TARGET = 17.2;
				LOCALIZATION_PREFERS_STRING_CATALOGS = YES;
				MTL_ENABLE_DEBUG_INFO = INCLUDE_SOURCE;
				MTL_FAST_MATH = YES;
				ONLY_ACTIVE_ARCH = YES;
				SDKROOT = iphoneos;
				SWIFT_ACTIVE_COMPILATION_CONDITIONS = "DEBUG $(inherited)";
				SWIFT_OPTIMIZATION_LEVEL = "-Onone";
			};
			name = Debug;
		};
		284DE6B42BA88A33007961CD /* Release */ = {
			isa = XCBuildConfiguration;
			buildSettings = {
				ALWAYS_SEARCH_USER_PATHS = NO;
				ASSETCATALOG_COMPILER_GENERATE_SWIFT_ASSET_SYMBOL_EXTENSIONS = YES;
				CLANG_ANALYZER_NONNULL = YES;
				CLANG_ANALYZER_NUMBER_OBJECT_CONVERSION = YES_AGGRESSIVE;
				CLANG_CXX_LANGUAGE_STANDARD = "gnu++20";
				CLANG_ENABLE_MODULES = YES;
				CLANG_ENABLE_OBJC_ARC = YES;
				CLANG_ENABLE_OBJC_WEAK = YES;
				CLANG_WARN_BLOCK_CAPTURE_AUTORELEASING = YES;
				CLANG_WARN_BOOL_CONVERSION = YES;
				CLANG_WARN_COMMA = YES;
				CLANG_WARN_CONSTANT_CONVERSION = YES;
				CLANG_WARN_DEPRECATED_OBJC_IMPLEMENTATIONS = YES;
				CLANG_WARN_DIRECT_OBJC_ISA_USAGE = YES_ERROR;
				CLANG_WARN_DOCUMENTATION_COMMENTS = YES;
				CLANG_WARN_EMPTY_BODY = YES;
				CLANG_WARN_ENUM_CONVERSION = YES;
				CLANG_WARN_INFINITE_RECURSION = YES;
				CLANG_WARN_INT_CONVERSION = YES;
				CLANG_WARN_NON_LITERAL_NULL_CONVERSION = YES;
				CLANG_WARN_OBJC_IMPLICIT_RETAIN_SELF = YES;
				CLANG_WARN_OBJC_LITERAL_CONVERSION = YES;
				CLANG_WARN_OBJC_ROOT_CLASS = YES_ERROR;
				CLANG_WARN_QUOTED_INCLUDE_IN_FRAMEWORK_HEADER = YES;
				CLANG_WARN_RANGE_LOOP_ANALYSIS = YES;
				CLANG_WARN_STRICT_PROTOTYPES = YES;
				CLANG_WARN_SUSPICIOUS_MOVE = YES;
				CLANG_WARN_UNGUARDED_AVAILABILITY = YES_AGGRESSIVE;
				CLANG_WARN_UNREACHABLE_CODE = YES;
				CLANG_WARN__DUPLICATE_METHOD_MATCH = YES;
				COPY_PHASE_STRIP = NO;
				DEBUG_INFORMATION_FORMAT = "dwarf-with-dsym";
				ENABLE_NS_ASSERTIONS = NO;
				ENABLE_STRICT_OBJC_MSGSEND = YES;
				ENABLE_USER_SCRIPT_SANDBOXING = YES;
				GCC_C_LANGUAGE_STANDARD = gnu17;
				GCC_NO_COMMON_BLOCKS = YES;
				GCC_WARN_64_TO_32_BIT_CONVERSION = YES;
				GCC_WARN_ABOUT_RETURN_TYPE = YES_ERROR;
				GCC_WARN_UNDECLARED_SELECTOR = YES;
				GCC_WARN_UNINITIALIZED_AUTOS = YES_AGGRESSIVE;
				GCC_WARN_UNUSED_FUNCTION = YES;
				GCC_WARN_UNUSED_VARIABLE = YES;
				IPHONEOS_DEPLOYMENT_TARGET = 17.2;
				LOCALIZATION_PREFERS_STRING_CATALOGS = YES;
				MTL_ENABLE_DEBUG_INFO = NO;
				MTL_FAST_MATH = YES;
				SDKROOT = iphoneos;
				SWIFT_COMPILATION_MODE = wholemodule;
				VALIDATE_PRODUCT = YES;
			};
			name = Release;
		};
		284DE6B62BA88A33007961CD /* Debug */ = {
			isa = XCBuildConfiguration;
			buildSettings = {
				ASSETCATALOG_COMPILER_APPICON_NAME = AppIcon;
				ASSETCATALOG_COMPILER_GLOBAL_ACCENT_COLOR_NAME = AccentColor;
				CODE_SIGN_STYLE = Automatic;
				CURRENT_PROJECT_VERSION = 1;
				DEVELOPMENT_ASSET_PATHS = "\"code-exmples/Preview Content\"";
				ENABLE_PREVIEWS = YES;
				GENERATE_INFOPLIST_FILE = YES;
				INFOPLIST_KEY_UIApplicationSceneManifest_Generation = YES;
				INFOPLIST_KEY_UIApplicationSupportsIndirectInputEvents = YES;
				INFOPLIST_KEY_UILaunchScreen_Generation = YES;
				INFOPLIST_KEY_UISupportedInterfaceOrientations_iPad = "UIInterfaceOrientationPortrait UIInterfaceOrientationPortraitUpsideDown UIInterfaceOrientationLandscapeLeft UIInterfaceOrientationLandscapeRight";
				INFOPLIST_KEY_UISupportedInterfaceOrientations_iPhone = "UIInterfaceOrientationPortrait UIInterfaceOrientationLandscapeLeft UIInterfaceOrientationLandscapeRight";
				LD_RUNPATH_SEARCH_PATHS = (
					"$(inherited)",
					"@executable_path/Frameworks",
				);
				MARKETING_VERSION = 1.0;
				PRODUCT_BUNDLE_IDENTIFIER = "com.neilallwood.code-exmples";
				PRODUCT_NAME = "$(TARGET_NAME)";
				SWIFT_EMIT_LOC_STRINGS = YES;
				SWIFT_VERSION = 5.0;
				TARGETED_DEVICE_FAMILY = "1,2";
			};
			name = Debug;
		};
		284DE6B72BA88A33007961CD /* Release */ = {
			isa = XCBuildConfiguration;
			buildSettings = {
				ASSETCATALOG_COMPILER_APPICON_NAME = AppIcon;
				ASSETCATALOG_COMPILER_GLOBAL_ACCENT_COLOR_NAME = AccentColor;
				CODE_SIGN_STYLE = Automatic;
				CURRENT_PROJECT_VERSION = 1;
				DEVELOPMENT_ASSET_PATHS = "\"code-exmples/Preview Content\"";
				ENABLE_PREVIEWS = YES;
				GENERATE_INFOPLIST_FILE = YES;
				INFOPLIST_KEY_UIApplicationSceneManifest_Generation = YES;
				INFOPLIST_KEY_UIApplicationSupportsIndirectInputEvents = YES;
				INFOPLIST_KEY_UILaunchScreen_Generation = YES;
				INFOPLIST_KEY_UISupportedInterfaceOrientations_iPad = "UIInterfaceOrientationPortrait UIInterfaceOrientationPortraitUpsideDown UIInterfaceOrientationLandscapeLeft UIInterfaceOrientationLandscapeRight";
				INFOPLIST_KEY_UISupportedInterfaceOrientations_iPhone = "UIInterfaceOrientationPortrait UIInterfaceOrientationLandscapeLeft UIInterfaceOrientationLandscapeRight";
				LD_RUNPATH_SEARCH_PATHS = (
					"$(inherited)",
					"@executable_path/Frameworks",
				);
				MARKETING_VERSION = 1.0;
				PRODUCT_BUNDLE_IDENTIFIER = "com.neilallwood.code-exmples";
				PRODUCT_NAME = "$(TARGET_NAME)";
				SWIFT_EMIT_LOC_STRINGS = YES;
				SWIFT_VERSION = 5.0;
				TARGETED_DEVICE_FAMILY = "1,2";
			};
			name = Release;
		};
/* End XCBuildConfiguration section */

/* Begin XCConfigurationList section */
		284DE6A22BA88A32007961CD /* Build configuration list for PBXProject "code-exmples" */ = {
			isa = XCConfigurationList;
			buildConfigurations = (
				284DE6B32BA88A33007961CD /* Debug */,
				284DE6B42BA88A33007961CD /* Release */,
			);
			defaultConfigurationIsVisible = 0;
			defaultConfigurationName = Release;
		};
		284DE6B52BA88A33007961CD /* Build configuration list for PBXNativeTarget "code-exmples" */ = {
			isa = XCConfigurationList;
			buildConfigurations = (
				284DE6B62BA88A33007961CD /* Debug */,
				284DE6B72BA88A33007961CD /* Release */,
			);
			defaultConfigurationIsVisible = 0;
			defaultConfigurationName = Release;
		};
/* End XCConfigurationList section */
	};
	rootObject = 284DE69F2BA88A32007961CD /* Project object */;
}
